
Microsoft Visual Studio Solution File, Format Version 12.00
# Visual Studio Version 17
VisualStudioVersion = 17.11.35222.181
MinimumVisualStudioVersion = 10.0.40219.1
Project("{FAE04EC0-301F-11D3-BF4B-00C04F79EFBC}") = "DOTNET-RPG", "DOTNET-RPG\DOTNET-RPG.csproj", "{8AD79D64-3AC8-42A9-80D0-BF2AFC0D998B}"
EndProject
Global
	GlobalSection(SolutionConfigurationPlatforms) = preSolution
		Debug|Any CPU = Debug|Any CPU
		Release|Any CPU = Release|Any CPU
	EndGlobalSection
	GlobalSection(ProjectConfigurationPlatforms) = postSolution
		{8AD79D64-3AC8-42A9-80D0-BF2AFC0D998B}.Debug|Any CPU.ActiveCfg = Debug|Any CPU
		{8AD79D64-3AC8-42A9-80D0-BF2AFC0D998B}.Debug|Any CPU.Build.0 = Debug|Any CPU
		{8AD79D64-3AC8-42A9-80D0-BF2AFC0D998B}.Release|Any CPU.ActiveCfg = Release|Any CPU
		{8AD79D64-3AC8-42A9-80D0-BF2AFC0D998B}.Release|Any CPU.Build.0 = Release|Any CPU
	EndGlobalSection
	GlobalSection(SolutionProperties) = preSolution
		HideSolutionNode = FALSE
	EndGlobalSection
	GlobalSection(ExtensibilityGlobals) = postSolution
		SolutionGuid = {0A7BA6B1-0ADF-41A0-A056-F8D6EED641AF}
	EndGlobalSection
EndGlobal
